// !$*UTF8*$!
{
	archiveVersion = 1;
	classes = {
	};
	objectVersion = 50;
	objects = {

/* Begin PBXBuildFile section */
		8E1ECE002314C59000C8603D /* AppDelegate.m in Sources */ = {isa = PBXBuildFile; fileRef = 8E1ECDFF2314C59000C8603D /* AppDelegate.m */; };
		8E1ECE032314C59000C8603D /* ViewController.m in Sources */ = {isa = PBXBuildFile; fileRef = 8E1ECE022314C59000C8603D /* ViewController.m */; };
		8E1ECE062314C59000C8603D /* Main.storyboard in Resources */ = {isa = PBXBuildFile; fileRef = 8E1ECE042314C59000C8603D /* Main.storyboard */; };
		8E1ECE082314C59100C8603D /* Assets.xcassets in Resources */ = {isa = PBXBuildFile; fileRef = 8E1ECE072314C59100C8603D /* Assets.xcassets */; };
		8E1ECE0B2314C59100C8603D /* LaunchScreen.storyboard in Resources */ = {isa = PBXBuildFile; fileRef = 8E1ECE092314C59100C8603D /* LaunchScreen.storyboard */; };
		8E1ECE0E2314C59100C8603D /* main.m in Sources */ = {isa = PBXBuildFile; fileRef = 8E1ECE0D2314C59100C8603D /* main.m */; };
		8E1ECE172314C8F600C8603D /* RCTBridge.m in Sources */ = {isa = PBXBuildFile; fileRef = 8E1ECE162314C8F600C8603D /* RCTBridge.m */; };
		8E1ECE202314D1DE00C8603D /* RCTCxxBridge.mm in Sources */ = {isa = PBXBuildFile; fileRef = 8E1ECE1F2314D1DE00C8603D /* RCTCxxBridge.mm */; };
		8E1ECE232314E2E100C8603D /* RCTPerformanceLogger.m in Sources */ = {isa = PBXBuildFile; fileRef = 8E1ECE222314E2E100C8603D /* RCTPerformanceLogger.m */; };
		8E1ECEAC23177DAC00C8603D /* RCTUtils.m in Sources */ = {isa = PBXBuildFile; fileRef = 8E1ECEAB23177DAC00C8603D /* RCTUtils.m */; };
		8E20F449231FA750006BB67F /* RCTModuleData.mm in Sources */ = {isa = PBXBuildFile; fileRef = 8E20F448231FA750006BB67F /* RCTModuleData.mm */; };
		8E6B9CD32328C6DD00D1C552 /* RCTDisplayLink.m in Sources */ = {isa = PBXBuildFile; fileRef = 8E6B9CD22328C6DD00D1C552 /* RCTDisplayLink.m */; };
		8E6B9CD62328CE0000D1C552 /* RCTFrameUpdate.m in Sources */ = {isa = PBXBuildFile; fileRef = 8E6B9CD52328CE0000D1C552 /* RCTFrameUpdate.m */; };
		8E6B9CDA2329F0CE00D1C552 /* JSExecutorFactory.mm in Sources */ = {isa = PBXBuildFile; fileRef = 8E6B9CD82329F0CE00D1C552 /* JSExecutorFactory.mm */; };
		8E6B9CDD2329F4B100D1C552 /* CxxNativeModule.cpp in Sources */ = {isa = PBXBuildFile; fileRef = 8E6B9CDB2329F4B100D1C552 /* CxxNativeModule.cpp */; };
		8E6B9CE02329F95000D1C552 /* JSCExecutorFactory.mm in Sources */ = {isa = PBXBuildFile; fileRef = 8E6B9CDE2329F95000D1C552 /* JSCExecutorFactory.mm */; };
		8E6B9CE42329FAF200D1C552 /* JSExecutor.cpp in Sources */ = {isa = PBXBuildFile; fileRef = 8E6B9CE22329FAF200D1C552 /* JSExecutor.cpp */; };
		8E6B9CE72329FC8D00D1C552 /* JSIExecutor.cpp in Sources */ = {isa = PBXBuildFile; fileRef = 8E6B9CE52329FC8D00D1C552 /* JSIExecutor.cpp */; };
		E9749AF8232CE7B90015CC08 /* Instance.cpp in Sources */ = {isa = PBXBuildFile; fileRef = E9749AF6232CE7B90015CC08 /* Instance.cpp */; };
		E9AAEBEB232C926800EBB45C /* RCTCxxUtils.mm in Sources */ = {isa = PBXBuildFile; fileRef = E9AAEBE9232C926800EBB45C /* RCTCxxUtils.mm */; };
		E9AAEBEE232C998100EBB45C /* RCTMessageThread.mm in Sources */ = {isa = PBXBuildFile; fileRef = E9AAEBEC232C998100EBB45C /* RCTMessageThread.mm */; };
		E9AAEBF1232C9BA200EBB45C /* MessageQueueThread.mm in Sources */ = {isa = PBXBuildFile; fileRef = E9AAEBEF232C9BA200EBB45C /* MessageQueueThread.mm */; };
/* End PBXBuildFile section */

/* Begin PBXFileReference section */
		8E1ECDFB2314C59000C8603D /* ReactNativeTest.app */ = {isa = PBXFileReference; explicitFileType = wrapper.application; includeInIndex = 0; path = ReactNativeTest.app; sourceTree = BUILT_PRODUCTS_DIR; };
		8E1ECDFE2314C59000C8603D /* AppDelegate.h */ = {isa = PBXFileReference; lastKnownFileType = sourcecode.c.h; path = AppDelegate.h; sourceTree = "<group>"; };
		8E1ECDFF2314C59000C8603D /* AppDelegate.m */ = {isa = PBXFileReference; lastKnownFileType = sourcecode.c.objc; path = AppDelegate.m; sourceTree = "<group>"; };
		8E1ECE012314C59000C8603D /* ViewController.h */ = {isa = PBXFileReference; lastKnownFileType = sourcecode.c.h; path = ViewController.h; sourceTree = "<group>"; };
		8E1ECE022314C59000C8603D /* ViewController.m */ = {isa = PBXFileReference; lastKnownFileType = sourcecode.c.objc; path = ViewController.m; sourceTree = "<group>"; };
		8E1ECE052314C59000C8603D /* Base */ = {isa = PBXFileReference; lastKnownFileType = file.storyboard; name = Base; path = Base.lproj/Main.storyboard; sourceTree = "<group>"; };
		8E1ECE072314C59100C8603D /* Assets.xcassets */ = {isa = PBXFileReference; lastKnownFileType = folder.assetcatalog; path = Assets.xcassets; sourceTree = "<group>"; };
		8E1ECE0A2314C59100C8603D /* Base */ = {isa = PBXFileReference; lastKnownFileType = file.storyboard; name = Base; path = Base.lproj/LaunchScreen.storyboard; sourceTree = "<group>"; };
		8E1ECE0C2314C59100C8603D /* Info.plist */ = {isa = PBXFileReference; lastKnownFileType = text.plist.xml; path = Info.plist; sourceTree = "<group>"; };
		8E1ECE0D2314C59100C8603D /* main.m */ = {isa = PBXFileReference; lastKnownFileType = sourcecode.c.objc; path = main.m; sourceTree = "<group>"; };
		8E1ECE152314C8F600C8603D /* RCTBridge.h */ = {isa = PBXFileReference; lastKnownFileType = sourcecode.c.h; path = RCTBridge.h; sourceTree = "<group>"; };
		8E1ECE162314C8F600C8603D /* RCTBridge.m */ = {isa = PBXFileReference; lastKnownFileType = sourcecode.c.objc; path = RCTBridge.m; sourceTree = "<group>"; };
		8E1ECE1B2314CCC200C8603D /* RCTBridge+Private.h */ = {isa = PBXFileReference; lastKnownFileType = sourcecode.c.h; path = "RCTBridge+Private.h"; sourceTree = "<group>"; };
		8E1ECE1F2314D1DE00C8603D /* RCTCxxBridge.mm */ = {isa = PBXFileReference; lastKnownFileType = sourcecode.cpp.objcpp; path = RCTCxxBridge.mm; sourceTree = "<group>"; };
		8E1ECE212314E2E100C8603D /* RCTPerformanceLogger.h */ = {isa = PBXFileReference; lastKnownFileType = sourcecode.c.h; path = RCTPerformanceLogger.h; sourceTree = "<group>"; };
		8E1ECE222314E2E100C8603D /* RCTPerformanceLogger.m */ = {isa = PBXFileReference; lastKnownFileType = sourcecode.c.objc; path = RCTPerformanceLogger.m; sourceTree = "<group>"; };
		8E1ECE242314E79900C8603D /* RCTDefines.h */ = {isa = PBXFileReference; lastKnownFileType = sourcecode.c.h; path = RCTDefines.h; sourceTree = "<group>"; };
		8E1ECE9A2316A1AC00C8603D /* RCTBridgeModule.h */ = {isa = PBXFileReference; lastKnownFileType = sourcecode.c.h; path = RCTBridgeModule.h; sourceTree = "<group>"; };
		8E1ECE9B2316AAE100C8603D /* RCTBridgeDelegate.h */ = {isa = PBXFileReference; lastKnownFileType = sourcecode.c.h; path = RCTBridgeDelegate.h; sourceTree = "<group>"; };
		8E1ECEA823177D6100C8603D /* RCTUtils.h */ = {isa = PBXFileReference; lastKnownFileType = sourcecode.c.h; path = RCTUtils.h; sourceTree = "<group>"; };
		8E1ECEAB23177DAC00C8603D /* RCTUtils.m */ = {isa = PBXFileReference; lastKnownFileType = sourcecode.c.objc; path = RCTUtils.m; sourceTree = "<group>"; };
		8E20F447231FA750006BB67F /* RCTModuleData.h */ = {isa = PBXFileReference; lastKnownFileType = sourcecode.c.h; path = RCTModuleData.h; sourceTree = "<group>"; };
		8E20F448231FA750006BB67F /* RCTModuleData.mm */ = {isa = PBXFileReference; lastKnownFileType = sourcecode.cpp.objcpp; path = RCTModuleData.mm; sourceTree = "<group>"; };
		8E6B9CD12328C6DD00D1C552 /* RCTDisplayLink.h */ = {isa = PBXFileReference; lastKnownFileType = sourcecode.c.h; path = RCTDisplayLink.h; sourceTree = "<group>"; };
		8E6B9CD22328C6DD00D1C552 /* RCTDisplayLink.m */ = {isa = PBXFileReference; lastKnownFileType = sourcecode.c.objc; path = RCTDisplayLink.m; sourceTree = "<group>"; };
		8E6B9CD42328CE0000D1C552 /* RCTFrameUpdate.h */ = {isa = PBXFileReference; lastKnownFileType = sourcecode.c.h; path = RCTFrameUpdate.h; sourceTree = "<group>"; };
		8E6B9CD52328CE0000D1C552 /* RCTFrameUpdate.m */ = {isa = PBXFileReference; lastKnownFileType = sourcecode.c.objc; path = RCTFrameUpdate.m; sourceTree = "<group>"; };
		8E6B9CD82329F0CE00D1C552 /* JSExecutorFactory.mm */ = {isa = PBXFileReference; lastKnownFileType = sourcecode.cpp.objcpp; path = JSExecutorFactory.mm; sourceTree = "<group>"; };
		8E6B9CD92329F0CE00D1C552 /* JSExecutorFactory.h */ = {isa = PBXFileReference; lastKnownFileType = sourcecode.c.h; path = JSExecutorFactory.h; sourceTree = "<group>"; };
		8E6B9CDB2329F4B100D1C552 /* CxxNativeModule.cpp */ = {isa = PBXFileReference; lastKnownFileType = sourcecode.cpp.cpp; path = CxxNativeModule.cpp; sourceTree = "<group>"; };
		8E6B9CDC2329F4B100D1C552 /* CxxNativeModule.h */ = {isa = PBXFileReference; lastKnownFileType = sourcecode.c.h; path = CxxNativeModule.h; sourceTree = "<group>"; };
		8E6B9CDE2329F95000D1C552 /* JSCExecutorFactory.mm */ = {isa = PBXFileReference; lastKnownFileType = sourcecode.cpp.objcpp; path = JSCExecutorFactory.mm; sourceTree = "<group>"; };
		8E6B9CDF2329F95000D1C552 /* JSCExecutorFactory.h */ = {isa = PBXFileReference; lastKnownFileType = sourcecode.c.h; path = JSCExecutorFactory.h; sourceTree = "<group>"; };
		8E6B9CE22329FAF200D1C552 /* JSExecutor.cpp */ = {isa = PBXFileReference; lastKnownFileType = sourcecode.cpp.cpp; path = JSExecutor.cpp; sourceTree = "<group>"; };
		8E6B9CE32329FAF200D1C552 /* JSExecutor.h */ = {isa = PBXFileReference; lastKnownFileType = sourcecode.c.h; path = JSExecutor.h; sourceTree = "<group>"; };
		8E6B9CE52329FC8D00D1C552 /* JSIExecutor.cpp */ = {isa = PBXFileReference; lastKnownFileType = sourcecode.cpp.cpp; path = JSIExecutor.cpp; sourceTree = "<group>"; };
		8E6B9CE62329FC8D00D1C552 /* JSIExecutor.h */ = {isa = PBXFileReference; lastKnownFileType = sourcecode.c.h; path = JSIExecutor.h; sourceTree = "<group>"; };
		E9749AF5232CDE490015CC08 /* RCTJavaScriptExecutor.h */ = {isa = PBXFileReference; lastKnownFileType = sourcecode.c.h; path = RCTJavaScriptExecutor.h; sourceTree = "<group>"; };
		E9749AF6232CE7B90015CC08 /* Instance.cpp */ = {isa = PBXFileReference; lastKnownFileType = sourcecode.cpp.cpp; path = Instance.cpp; sourceTree = "<group>"; };
		E9749AF7232CE7B90015CC08 /* Instance.h */ = {isa = PBXFileReference; lastKnownFileType = sourcecode.c.h; path = Instance.h; sourceTree = "<group>"; };
		E9AAEBE9232C926800EBB45C /* RCTCxxUtils.mm */ = {isa = PBXFileReference; lastKnownFileType = sourcecode.cpp.objcpp; path = RCTCxxUtils.mm; sourceTree = "<group>"; };
		E9AAEBEA232C926800EBB45C /* RCTCxxUtils.h */ = {isa = PBXFileReference; lastKnownFileType = sourcecode.c.h; path = RCTCxxUtils.h; sourceTree = "<group>"; };
		E9AAEBEC232C998100EBB45C /* RCTMessageThread.mm */ = {isa = PBXFileReference; lastKnownFileType = sourcecode.cpp.objcpp; path = RCTMessageThread.mm; sourceTree = "<group>"; };
		E9AAEBED232C998100EBB45C /* RCTMessageThread.h */ = {isa = PBXFileReference; lastKnownFileType = sourcecode.c.h; path = RCTMessageThread.h; sourceTree = "<group>"; };
		E9AAEBEF232C9BA200EBB45C /* MessageQueueThread.mm */ = {isa = PBXFileReference; lastKnownFileType = sourcecode.cpp.objcpp; path = MessageQueueThread.mm; sourceTree = "<group>"; };
		E9AAEBF0232C9BA200EBB45C /* MessageQueueThread.h */ = {isa = PBXFileReference; lastKnownFileType = sourcecode.c.h; path = MessageQueueThread.h; sourceTree = "<group>"; };
/* End PBXFileReference section */

/* Begin PBXFrameworksBuildPhase section */
		8E1ECDF82314C59000C8603D /* Frameworks */ = {
			isa = PBXFrameworksBuildPhase;
			buildActionMask = 2147483647;
			files = (
			);
			runOnlyForDeploymentPostprocessing = 0;
		};
/* End PBXFrameworksBuildPhase section */

/* Begin PBXGroup section */
		8E1ECDF22314C59000C8603D = {
			isa = PBXGroup;
			children = (
				8E1ECDFD2314C59000C8603D /* ReactNativeTest */,
				8E1ECDFC2314C59000C8603D /* Products */,
			);
			sourceTree = "<group>";
		};
		8E1ECDFC2314C59000C8603D /* Products */ = {
			isa = PBXGroup;
			children = (
				8E1ECDFB2314C59000C8603D /* ReactNativeTest.app */,
			);
			name = Products;
			sourceTree = "<group>";
		};
		8E1ECDFD2314C59000C8603D /* ReactNativeTest */ = {
			isa = PBXGroup;
			children = (
				8E6B9CE12329FAB200D1C552 /* JSIExecutor */,
				8E6B9CD72329F06B00D1C552 /* cxxreact */,
				8E1ECE1C2314D13000C8603D /* CxxBridge */,
				8E1ECE142314C87700C8603D /* Core */,
				8E1ECDFE2314C59000C8603D /* AppDelegate.h */,
				8E1ECDFF2314C59000C8603D /* AppDelegate.m */,
				8E1ECE012314C59000C8603D /* ViewController.h */,
				8E1ECE022314C59000C8603D /* ViewController.m */,
				8E1ECE042314C59000C8603D /* Main.storyboard */,
				8E1ECE072314C59100C8603D /* Assets.xcassets */,
				8E1ECE092314C59100C8603D /* LaunchScreen.storyboard */,
				8E1ECE0C2314C59100C8603D /* Info.plist */,
				8E1ECE0D2314C59100C8603D /* main.m */,
			);
			path = ReactNativeTest;
			sourceTree = "<group>";
		};
		8E1ECE142314C87700C8603D /* Core */ = {
			isa = PBXGroup;
			children = (
				8E1ECE152314C8F600C8603D /* RCTBridge.h */,
				8E1ECE162314C8F600C8603D /* RCTBridge.m */,
				8E1ECE1B2314CCC200C8603D /* RCTBridge+Private.h */,
				8E1ECE212314E2E100C8603D /* RCTPerformanceLogger.h */,
				8E1ECE222314E2E100C8603D /* RCTPerformanceLogger.m */,
				8E1ECE242314E79900C8603D /* RCTDefines.h */,
				8E1ECE9A2316A1AC00C8603D /* RCTBridgeModule.h */,
				8E1ECE9B2316AAE100C8603D /* RCTBridgeDelegate.h */,
				8E1ECEA823177D6100C8603D /* RCTUtils.h */,
				8E1ECEAB23177DAC00C8603D /* RCTUtils.m */,
				8E20F447231FA750006BB67F /* RCTModuleData.h */,
				8E20F448231FA750006BB67F /* RCTModuleData.mm */,
				8E6B9CD12328C6DD00D1C552 /* RCTDisplayLink.h */,
				8E6B9CD22328C6DD00D1C552 /* RCTDisplayLink.m */,
				8E6B9CD42328CE0000D1C552 /* RCTFrameUpdate.h */,
				8E6B9CD52328CE0000D1C552 /* RCTFrameUpdate.m */,
				E9AAEBED232C998100EBB45C /* RCTMessageThread.h */,
				E9AAEBEC232C998100EBB45C /* RCTMessageThread.mm */,
				E9AAEBF0232C9BA200EBB45C /* MessageQueueThread.h */,
				E9AAEBEF232C9BA200EBB45C /* MessageQueueThread.mm */,
				E9749AF5232CDE490015CC08 /* RCTJavaScriptExecutor.h */,
			);
			path = Core;
			sourceTree = "<group>";
		};
		8E1ECE1C2314D13000C8603D /* CxxBridge */ = {
			isa = PBXGroup;
			children = (
				8E1ECE1F2314D1DE00C8603D /* RCTCxxBridge.mm */,
				8E6B9CDE2329F95000D1C552 /* JSCExecutorFactory.mm */,
				8E6B9CDF2329F95000D1C552 /* JSCExecutorFactory.h */,
				E9AAEBE9232C926800EBB45C /* RCTCxxUtils.mm */,
				E9AAEBEA232C926800EBB45C /* RCTCxxUtils.h */,
			);
			path = CxxBridge;
			sourceTree = "<group>";
		};
		8E6B9CD72329F06B00D1C552 /* cxxreact */ = {
			isa = PBXGroup;
			children = (
				8E6B9CD82329F0CE00D1C552 /* JSExecutorFactory.mm */,
				8E6B9CD92329F0CE00D1C552 /* JSExecutorFactory.h */,
				8E6B9CDB2329F4B100D1C552 /* CxxNativeModule.cpp */,
				8E6B9CDC2329F4B100D1C552 /* CxxNativeModule.h */,
				8E6B9CE22329FAF200D1C552 /* JSExecutor.cpp */,
				8E6B9CE32329FAF200D1C552 /* JSExecutor.h */,
				E9749AF6232CE7B90015CC08 /* Instance.cpp */,
				E9749AF7232CE7B90015CC08 /* Instance.h */,
			);
			path = cxxreact;
			sourceTree = "<group>";
		};
		8E6B9CE12329FAB200D1C552 /* JSIExecutor */ = {
			isa = PBXGroup;
			children = (
				8E6B9CE52329FC8D00D1C552 /* JSIExecutor.cpp */,
				8E6B9CE62329FC8D00D1C552 /* JSIExecutor.h */,
			);
			path = JSIExecutor;
			sourceTree = "<group>";
		};
/* End PBXGroup section */

/* Begin PBXNativeTarget section */
		8E1ECDFA2314C59000C8603D /* ReactNativeTest */ = {
			isa = PBXNativeTarget;
			buildConfigurationList = 8E1ECE112314C59100C8603D /* Build configuration list for PBXNativeTarget "ReactNativeTest" */;
			buildPhases = (
				8E1ECDF72314C59000C8603D /* Sources */,
				8E1ECDF82314C59000C8603D /* Frameworks */,
				8E1ECDF92314C59000C8603D /* Resources */,
			);
			buildRules = (
			);
			dependencies = (
			);
			name = ReactNativeTest;
			productName = ReactNativeTest;
			productReference = 8E1ECDFB2314C59000C8603D /* ReactNativeTest.app */;
			productType = "com.apple.product-type.application";
		};
/* End PBXNativeTarget section */

/* Begin PBXProject section */
		8E1ECDF32314C59000C8603D /* Project object */ = {
			isa = PBXProject;
			attributes = {
				LastUpgradeCheck = 1010;
				ORGANIZATIONNAME = tongleiming;
				TargetAttributes = {
					8E1ECDFA2314C59000C8603D = {
						CreatedOnToolsVersion = 10.1;
					};
				};
			};
			buildConfigurationList = 8E1ECDF62314C59000C8603D /* Build configuration list for PBXProject "ReactNativeTest" */;
			compatibilityVersion = "Xcode 9.3";
			developmentRegion = en;
			hasScannedForEncodings = 0;
			knownRegions = (
				en,
				Base,
			);
			mainGroup = 8E1ECDF22314C59000C8603D;
			productRefGroup = 8E1ECDFC2314C59000C8603D /* Products */;
			projectDirPath = "";
			projectRoot = "";
			targets = (
				8E1ECDFA2314C59000C8603D /* ReactNativeTest */,
			);
		};
/* End PBXProject section */

/* Begin PBXResourcesBuildPhase section */
		8E1ECDF92314C59000C8603D /* Resources */ = {
			isa = PBXResourcesBuildPhase;
			buildActionMask = 2147483647;
			files = (
				8E1ECE0B2314C59100C8603D /* LaunchScreen.storyboard in Resources */,
				8E1ECE082314C59100C8603D /* Assets.xcassets in Resources */,
				8E1ECE062314C59000C8603D /* Main.storyboard in Resources */,
			);
			runOnlyForDeploymentPostprocessing = 0;
		};
/* End PBXResourcesBuildPhase section */

/* Begin PBXSourcesBuildPhase section */
		8E1ECDF72314C59000C8603D /* Sources */ = {
			isa = PBXSourcesBuildPhase;
			buildActionMask = 2147483647;
			files = (
				8E6B9CE02329F95000D1C552 /* JSCExecutorFactory.mm in Sources */,
				8E1ECE172314C8F600C8603D /* RCTBridge.m in Sources */,
				8E6B9CDA2329F0CE00D1C552 /* JSExecutorFactory.mm in Sources */,
				8E1ECE202314D1DE00C8603D /* RCTCxxBridge.mm in Sources */,
				E9749AF8232CE7B90015CC08 /* Instance.cpp in Sources */,
				8E6B9CD62328CE0000D1C552 /* RCTFrameUpdate.m in Sources */,
				8E1ECE032314C59000C8603D /* ViewController.m in Sources */,
				8E20F449231FA750006BB67F /* RCTModuleData.mm in Sources */,
				8E6B9CE42329FAF200D1C552 /* JSExecutor.cpp in Sources */,
				8E1ECE0E2314C59100C8603D /* main.m in Sources */,
				8E1ECE232314E2E100C8603D /* RCTPerformanceLogger.m in Sources */,
				8E6B9CDD2329F4B100D1C552 /* CxxNativeModule.cpp in Sources */,
				8E1ECE002314C59000C8603D /* AppDelegate.m in Sources */,
				8E6B9CE72329FC8D00D1C552 /* JSIExecutor.cpp in Sources */,
				E9AAEBEB232C926800EBB45C /* RCTCxxUtils.mm in Sources */,
				8E1ECEAC23177DAC00C8603D /* RCTUtils.m in Sources */,
				8E6B9CD32328C6DD00D1C552 /* RCTDisplayLink.m in Sources */,
				E9AAEBEE232C998100EBB45C /* RCTMessageThread.mm in Sources */,
				E9AAEBF1232C9BA200EBB45C /* MessageQueueThread.mm in Sources */,
			);
			runOnlyForDeploymentPostprocessing = 0;
		};
/* End PBXSourcesBuildPhase section */

/* Begin PBXVariantGroup section */
		8E1ECE042314C59000C8603D /* Main.storyboard */ = {
			isa = PBXVariantGroup;
			children = (
				8E1ECE052314C59000C8603D /* Base */,
			);
			name = Main.storyboard;
			sourceTree = "<group>";
		};
		8E1ECE092314C59100C8603D /* LaunchScreen.storyboard */ = {
			isa = PBXVariantGroup;
			children = (
				8E1ECE0A2314C59100C8603D /* Base */,
			);
			name = LaunchScreen.storyboard;
			sourceTree = "<group>";
		};
/* End PBXVariantGroup section */

/* Begin XCBuildConfiguration section */
		8E1ECE0F2314C59100C8603D /* Debug */ = {
			isa = XCBuildConfiguration;
			buildSettings = {
				ALWAYS_SEARCH_USER_PATHS = NO;
				CLANG_ANALYZER_NONNULL = YES;
				CLANG_ANALYZER_NUMBER_OBJECT_CONVERSION = YES_AGGRESSIVE;
				CLANG_CXX_LANGUAGE_STANDARD = "gnu++14";
				CLANG_CXX_LIBRARY = "libc++";
				CLANG_ENABLE_MODULES = YES;
				CLANG_ENABLE_OBJC_ARC = YES;
				CLANG_ENABLE_OBJC_WEAK = YES;
				CLANG_WARN_BLOCK_CAPTURE_AUTORELEASING = YES;
				CLANG_WARN_BOOL_CONVERSION = YES;
				CLANG_WARN_COMMA = YES;
				CLANG_WARN_CONSTANT_CONVERSION = YES;
				CLANG_WARN_DEPRECATED_OBJC_IMPLEMENTATIONS = YES;
				CLANG_WARN_DIRECT_OBJC_ISA_USAGE = YES_ERROR;
				CLANG_WARN_DOCUMENTATION_COMMENTS = YES;
				CLANG_WARN_EMPTY_BODY = YES;
				CLANG_WARN_ENUM_CONVERSION = YES;
				CLANG_WARN_INFINITE_RECURSION = YES;
				CLANG_WARN_INT_CONVERSION = YES;
				CLANG_WARN_NON_LITERAL_NULL_CONVERSION = YES;
				CLANG_WARN_OBJC_IMPLICIT_RETAIN_SELF = YES;
				CLANG_WARN_OBJC_LITERAL_CONVERSION = YES;
				CLANG_WARN_OBJC_ROOT_CLASS = YES_ERROR;
				CLANG_WARN_RANGE_LOOP_ANALYSIS = YES;
				CLANG_WARN_STRICT_PROTOTYPES = YES;
				CLANG_WARN_SUSPICIOUS_MOVE = YES;
				CLANG_WARN_UNGUARDED_AVAILABILITY = YES_AGGRESSIVE;
				CLANG_WARN_UNREACHABLE_CODE = YES;
				CLANG_WARN__DUPLICATE_METHOD_MATCH = YES;
				CODE_SIGN_IDENTITY = "iPhone Developer";
				COPY_PHASE_STRIP = NO;
				DEBUG_INFORMATION_FORMAT = dwarf;
				ENABLE_STRICT_OBJC_MSGSEND = YES;
				ENABLE_TESTABILITY = YES;
				GCC_C_LANGUAGE_STANDARD = gnu11;
				GCC_DYNAMIC_NO_PIC = NO;
				GCC_NO_COMMON_BLOCKS = YES;
				GCC_OPTIMIZATION_LEVEL = 0;
				GCC_PREPROCESSOR_DEFINITIONS = (
					"DEBUG=1",
					"$(inherited)",
				);
				GCC_WARN_64_TO_32_BIT_CONVERSION = YES;
				GCC_WARN_ABOUT_RETURN_TYPE = YES_ERROR;
				GCC_WARN_UNDECLARED_SELECTOR = YES;
				GCC_WARN_UNINITIALIZED_AUTOS = YES_AGGRESSIVE;
				GCC_WARN_UNUSED_FUNCTION = YES;
				GCC_WARN_UNUSED_VARIABLE = YES;
				IPHONEOS_DEPLOYMENT_TARGET = 12.1;
				MTL_ENABLE_DEBUG_INFO = INCLUDE_SOURCE;
				MTL_FAST_MATH = YES;
				ONLY_ACTIVE_ARCH = YES;
				SDKROOT = iphoneos;
			};
			name = Debug;
		};
		8E1ECE102314C59100C8603D /* Release */ = {
			isa = XCBuildConfiguration;
			buildSettings = {
				ALWAYS_SEARCH_USER_PATHS = NO;
				CLANG_ANALYZER_NONNULL = YES;
				CLANG_ANALYZER_NUMBER_OBJECT_CONVERSION = YES_AGGRESSIVE;
				CLANG_CXX_LANGUAGE_STANDARD = "gnu++14";
				CLANG_CXX_LIBRARY = "libc++";
				CLANG_ENABLE_MODULES = YES;
				CLANG_ENABLE_OBJC_ARC = YES;
				CLANG_ENABLE_OBJC_WEAK = YES;
				CLANG_WARN_BLOCK_CAPTURE_AUTORELEASING = YES;
				CLANG_WARN_BOOL_CONVERSION = YES;
				CLANG_WARN_COMMA = YES;
				CLANG_WARN_CONSTANT_CONVERSION = YES;
				CLANG_WARN_DEPRECATED_OBJC_IMPLEMENTATIONS = YES;
				CLANG_WARN_DIRECT_OBJC_ISA_USAGE = YES_ERROR;
				CLANG_WARN_DOCUMENTATION_COMMENTS = YES;
				CLANG_WARN_EMPTY_BODY = YES;
				CLANG_WARN_ENUM_CONVERSION = YES;
				CLANG_WARN_INFINITE_RECURSION = YES;
				CLANG_WARN_INT_CONVERSION = YES;
				CLANG_WARN_NON_LITERAL_NULL_CONVERSION = YES;
				CLANG_WARN_OBJC_IMPLICIT_RETAIN_SELF = YES;
				CLANG_WARN_OBJC_LITERAL_CONVERSION = YES;
				CLANG_WARN_OBJC_ROOT_CLASS = YES_ERROR;
				CLANG_WARN_RANGE_LOOP_ANALYSIS = YES;
				CLANG_WARN_STRICT_PROTOTYPES = YES;
				CLANG_WARN_SUSPICIOUS_MOVE = YES;
				CLANG_WARN_UNGUARDED_AVAILABILITY = YES_AGGRESSIVE;
				CLANG_WARN_UNREACHABLE_CODE = YES;
				CLANG_WARN__DUPLICATE_METHOD_MATCH = YES;
				CODE_SIGN_IDENTITY = "iPhone Developer";
				COPY_PHASE_STRIP = NO;
				DEBUG_INFORMATION_FORMAT = "dwarf-with-dsym";
				ENABLE_NS_ASSERTIONS = NO;
				ENABLE_STRICT_OBJC_MSGSEND = YES;
				GCC_C_LANGUAGE_STANDARD = gnu11;
				GCC_NO_COMMON_BLOCKS = YES;
				GCC_WARN_64_TO_32_BIT_CONVERSION = YES;
				GCC_WARN_ABOUT_RETURN_TYPE = YES_ERROR;
				GCC_WARN_UNDECLARED_SELECTOR = YES;
				GCC_WARN_UNINITIALIZED_AUTOS = YES_AGGRESSIVE;
				GCC_WARN_UNUSED_FUNCTION = YES;
				GCC_WARN_UNUSED_VARIABLE = YES;
				IPHONEOS_DEPLOYMENT_TARGET = 12.1;
				MTL_ENABLE_DEBUG_INFO = NO;
				MTL_FAST_MATH = YES;
				SDKROOT = iphoneos;
				VALIDATE_PRODUCT = YES;
			};
			name = Release;
		};
		8E1ECE122314C59100C8603D /* Debug */ = {
			isa = XCBuildConfiguration;
			buildSettings = {
				ASSETCATALOG_COMPILER_APPICON_NAME = AppIcon;
				CODE_SIGN_STYLE = Automatic;
				INFOPLIST_FILE = ReactNativeTest/Info.plist;
				LD_RUNPATH_SEARCH_PATHS = (
					"$(inherited)",
					"@executable_path/Frameworks",
				);
				PRODUCT_BUNDLE_IDENTIFIER = "-23123.ReactNativeTest";
				PRODUCT_NAME = "$(TARGET_NAME)";
				TARGETED_DEVICE_FAMILY = "1,2";
			};
			name = Debug;
		};
		8E1ECE132314C59100C8603D /* Release */ = {
			isa = XCBuildConfiguration;
			buildSettings = {
				ASSETCATALOG_COMPILER_APPICON_NAME = AppIcon;
				CODE_SIGN_STYLE = Automatic;
				INFOPLIST_FILE = ReactNativeTest/Info.plist;
				LD_RUNPATH_SEARCH_PATHS = (
					"$(inherited)",
					"@executable_path/Frameworks",
				);
				PRODUCT_BUNDLE_IDENTIFIER = "-23123.ReactNativeTest";
				PRODUCT_NAME = "$(TARGET_NAME)";
				TARGETED_DEVICE_FAMILY = "1,2";
			};
			name = Release;
		};
/* End XCBuildConfiguration section */

/* Begin XCConfigurationList section */
		8E1ECDF62314C59000C8603D /* Build configuration list for PBXProject "ReactNativeTest" */ = {
			isa = XCConfigurationList;
			buildConfigurations = (
				8E1ECE0F2314C59100C8603D /* Debug */,
				8E1ECE102314C59100C8603D /* Release */,
			);
			defaultConfigurationIsVisible = 0;
			defaultConfigurationName = Release;
		};
		8E1ECE112314C59100C8603D /* Build configuration list for PBXNativeTarget "ReactNativeTest" */ = {
			isa = XCConfigurationList;
			buildConfigurations = (
				8E1ECE122314C59100C8603D /* Debug */,
				8E1ECE132314C59100C8603D /* Release */,
			);
			defaultConfigurationIsVisible = 0;
			defaultConfigurationName = Release;
		};
/* End XCConfigurationList section */
	};
	rootObject = 8E1ECDF32314C59000C8603D /* Project object */;
}
