// !$*UTF8*$!
{
	archiveVersion = 1;
	classes = {
	};
	objectVersion = 50;
	objects = {

/* Begin PBXBuildFile section */
		8E1ECE002314C59000C8603D /* AppDelegate.m in Sources */ = {isa = PBXBuildFile; fileRef = 8E1ECDFF2314C59000C8603D /* AppDelegate.m */; };
		8E1ECE032314C59000C8603D /* ViewController.m in Sources */ = {isa = PBXBuildFile; fileRef = 8E1ECE022314C59000C8603D /* ViewController.m */; };
		8E1ECE062314C59000C8603D /* Main.storyboard in Resources */ = {isa = PBXBuildFile; fileRef = 8E1ECE042314C59000C8603D /* Main.storyboard */; };
		8E1ECE082314C59100C8603D /* Assets.xcassets in Resources */ = {isa = PBXBuildFile; fileRef = 8E1ECE072314C59100C8603D /* Assets.xcassets */; };
		8E1ECE0B2314C59100C8603D /* LaunchScreen.storyboard in Resources */ = {isa = PBXBuildFile; fileRef = 8E1ECE092314C59100C8603D /* LaunchScreen.storyboard */; };
		8E1ECE0E2314C59100C8603D /* main.m in Sources */ = {isa = PBXBuildFile; fileRef = 8E1ECE0D2314C59100C8603D /* main.m */; };
/* End PBXBuildFile section */

/* Begin PBXFileReference section */
		8E1ECDFB2314C59000C8603D /* ReactNativeTest.app */ = {isa = PBXFileReference; explicitFileType = wrapper.application; includeInIndex = 0; path = ReactNativeTest.app; sourceTree = BUILT_PRODUCTS_DIR; };
		8E1ECDFE2314C59000C8603D /* AppDelegate.h */ = {isa = PBXFileReference; lastKnownFileType = sourcecode.c.h; path = AppDelegate.h; sourceTree = "<group>"; };
		8E1ECDFF2314C59000C8603D /* AppDelegate.m */ = {isa = PBXFileReference; lastKnownFileType = sourcecode.c.objc; path = AppDelegate.m; sourceTree = "<group>"; };
		8E1ECE012314C59000C8603D /* ViewController.h */ = {isa = PBXFileReference; lastKnownFileType = sourcecode.c.h; path = ViewController.h; sourceTree = "<group>"; };
		8E1ECE022314C59000C8603D /* ViewController.m */ = {isa = PBXFileReference; lastKnownFileType = sourcecode.c.objc; path = ViewController.m; sourceTree = "<group>"; };
		8E1ECE052314C59000C8603D /* Base */ = {isa = PBXFileReference; lastKnownFileType = file.storyboard; name = Base; path = Base.lproj/Main.storyboard; sourceTree = "<group>"; };
		8E1ECE072314C59100C8603D /* Assets.xcassets */ = {isa = PBXFileReference; lastKnownFileType = folder.assetcatalog; path = Assets.xcassets; sourceTree = "<group>"; };
		8E1ECE0A2314C59100C8603D /* Base */ = {isa = PBXFileReference; lastKnownFileType = file.storyboard; name = Base; path = Base.lproj/LaunchScreen.storyboard; sourceTree = "<group>"; };
		8E1ECE0C2314C59100C8603D /* Info.plist */ = {isa = PBXFileReference; lastKnownFileType = text.plist.xml; path = Info.plist; sourceTree = "<group>"; };
		8E1ECE0D2314C59100C8603D /* main.m */ = {isa = PBXFileReference; lastKnownFileType = sourcecode.c.objc; path = main.m; sourceTree = "<group>"; };
/* End PBXFileReference section */

/* Begin PBXFrameworksBuildPhase section */
		8E1ECDF82314C59000C8603D /* Frameworks */ = {
			isa = PBXFrameworksBuildPhase;
			buildActionMask = 2147483647;
			files = (
			);
			runOnlyForDeploymentPostprocessing = 0;
		};
/* End PBXFrameworksBuildPhase section */

/* Begin PBXGroup section */
		8E1ECDF22314C59000C8603D = {
			isa = PBXGroup;
			children = (
				8E1ECDFD2314C59000C8603D /* ReactNativeTest */,
				8E1ECDFC2314C59000C8603D /* Products */,
			);
			sourceTree = "<group>";
		};
		8E1ECDFC2314C59000C8603D /* Products */ = {
			isa = PBXGroup;
			children = (
				8E1ECDFB2314C59000C8603D /* ReactNativeTest.app */,
			);
			name = Products;
			sourceTree = "<group>";
		};
		8E1ECDFD2314C59000C8603D /* ReactNativeTest */ = {
			isa = PBXGroup;
			children = (
				8E1ECDFE2314C59000C8603D /* AppDelegate.h */,
				8E1ECDFF2314C59000C8603D /* AppDelegate.m */,
				8E1ECE012314C59000C8603D /* ViewController.h */,
				8E1ECE022314C59000C8603D /* ViewController.m */,
				8E1ECE042314C59000C8603D /* Main.storyboard */,
				8E1ECE072314C59100C8603D /* Assets.xcassets */,
				8E1ECE092314C59100C8603D /* LaunchScreen.storyboard */,
				8E1ECE0C2314C59100C8603D /* Info.plist */,
				8E1ECE0D2314C59100C8603D /* main.m */,
			);
			path = ReactNativeTest;
			sourceTree = "<group>";
		};
/* End PBXGroup section */

/* Begin PBXNativeTarget section */
		8E1ECDFA2314C59000C8603D /* ReactNativeTest */ = {
			isa = PBXNativeTarget;
			buildConfigurationList = 8E1ECE112314C59100C8603D /* Build configuration list for PBXNativeTarget "ReactNativeTest" */;
			buildPhases = (
				8E1ECDF72314C59000C8603D /* Sources */,
				8E1ECDF82314C59000C8603D /* Frameworks */,
				8E1ECDF92314C59000C8603D /* Resources */,
			);
			buildRules = (
			);
			dependencies = (
			);
			name = ReactNativeTest;
			productName = ReactNativeTest;
			productReference = 8E1ECDFB2314C59000C8603D /* ReactNativeTest.app */;
			productType = "com.apple.product-type.application";
		};
/* End PBXNativeTarget section */

/* Begin PBXProject section */
		8E1ECDF32314C59000C8603D /* Project object */ = {
			isa = PBXProject;
			attributes = {
				LastUpgradeCheck = 1010;
				ORGANIZATIONNAME = tongleiming;
				TargetAttributes = {
					8E1ECDFA2314C59000C8603D = {
						CreatedOnToolsVersion = 10.1;
					};
				};
			};
			buildConfigurationList = 8E1ECDF62314C59000C8603D /* Build configuration list for PBXProject "ReactNativeTest" */;
			compatibilityVersion = "Xcode 9.3";
			developmentRegion = en;
			hasScannedForEncodings = 0;
			knownRegions = (
				en,
				Base,
			);
			mainGroup = 8E1ECDF22314C59000C8603D;
			productRefGroup = 8E1ECDFC2314C59000C8603D /* Products */;
			projectDirPath = "";
			projectRoot = "";
			targets = (
				8E1ECDFA2314C59000C8603D /* ReactNativeTest */,
			);
		};
/* End PBXProject section */

/* Begin PBXResourcesBuildPhase section */
		8E1ECDF92314C59000C8603D /* Resources */ = {
			isa = PBXResourcesBuildPhase;
			buildActionMask = 2147483647;
			files = (
				8E1ECE0B2314C59100C8603D /* LaunchScreen.storyboard in Resources */,
				8E1ECE082314C59100C8603D /* Assets.xcassets in Resources */,
				8E1ECE062314C59000C8603D /* Main.storyboard in Resources */,
			);
			runOnlyForDeploymentPostprocessing = 0;
		};
/* End PBXResourcesBuildPhase section */

/* Begin PBXSourcesBuildPhase section */
		8E1ECDF72314C59000C8603D /* Sources */ = {
			isa = PBXSourcesBuildPhase;
			buildActionMask = 2147483647;
			files = (
				8E1ECE032314C59000C8603D /* ViewController.m in Sources */,
				8E1ECE0E2314C59100C8603D /* main.m in Sources */,
				8E1ECE002314C59000C8603D /* AppDelegate.m in Sources */,
			);
			runOnlyForDeploymentPostprocessing = 0;
		};
/* End PBXSourcesBuildPhase section */

/* Begin PBXVariantGroup section */
		8E1ECE042314C59000C8603D /* Main.storyboard */ = {
			isa = PBXVariantGroup;
			children = (
				8E1ECE052314C59000C8603D /* Base */,
			);
			name = Main.storyboard;
			sourceTree = "<group>";
		};
		8E1ECE092314C59100C8603D /* LaunchScreen.storyboard */ = {
			isa = PBXVariantGroup;
			children = (
				8E1ECE0A2314C59100C8603D /* Base */,
			);
			name = LaunchScreen.storyboard;
			sourceTree = "<group>";
		};
/* End PBXVariantGroup section */

/* Begin XCBuildConfiguration section */
		8E1ECE0F2314C59100C8603D /* Debug */ = {
			isa = XCBuildConfiguration;
			buildSettings = {
				ALWAYS_SEARCH_USER_PATHS = NO;
				CLANG_ANALYZER_NONNULL = YES;
				CLANG_ANALYZER_NUMBER_OBJECT_CONVERSION = YES_AGGRESSIVE;
				CLANG_CXX_LANGUAGE_STANDARD = "gnu++14";
				CLANG_CXX_LIBRARY = "libc++";
				CLANG_ENABLE_MODULES = YES;
				CLANG_ENABLE_OBJC_ARC = YES;
				CLANG_ENABLE_OBJC_WEAK = YES;
				CLANG_WARN_BLOCK_CAPTURE_AUTORELEASING = YES;
				CLANG_WARN_BOOL_CONVERSION = YES;
				CLANG_WARN_COMMA = YES;
				CLANG_WARN_CONSTANT_CONVERSION = YES;
				CLANG_WARN_DEPRECATED_OBJC_IMPLEMENTATIONS = YES;
				CLANG_WARN_DIRECT_OBJC_ISA_USAGE = YES_ERROR;
				CLANG_WARN_DOCUMENTATION_COMMENTS = YES;
				CLANG_WARN_EMPTY_BODY = YES;
				CLANG_WARN_ENUM_CONVERSION = YES;
				CLANG_WARN_INFINITE_RECURSION = YES;
				CLANG_WARN_INT_CONVERSION = YES;
				CLANG_WARN_NON_LITERAL_NULL_CONVERSION = YES;
				CLANG_WARN_OBJC_IMPLICIT_RETAIN_SELF = YES;
				CLANG_WARN_OBJC_LITERAL_CONVERSION = YES;
				CLANG_WARN_OBJC_ROOT_CLASS = YES_ERROR;
				CLANG_WARN_RANGE_LOOP_ANALYSIS = YES;
				CLANG_WARN_STRICT_PROTOTYPES = YES;
				CLANG_WARN_SUSPICIOUS_MOVE = YES;
				CLANG_WARN_UNGUARDED_AVAILABILITY = YES_AGGRESSIVE;
				CLANG_WARN_UNREACHABLE_CODE = YES;
				CLANG_WARN__DUPLICATE_METHOD_MATCH = YES;
				CODE_SIGN_IDENTITY = "iPhone Developer";
				COPY_PHASE_STRIP = NO;
				DEBUG_INFORMATION_FORMAT = dwarf;
				ENABLE_STRICT_OBJC_MSGSEND = YES;
				ENABLE_TESTABILITY = YES;
				GCC_C_LANGUAGE_STANDARD = gnu11;
				GCC_DYNAMIC_NO_PIC = NO;
				GCC_NO_COMMON_BLOCKS = YES;
				GCC_OPTIMIZATION_LEVEL = 0;
				GCC_PREPROCESSOR_DEFINITIONS = (
					"DEBUG=1",
					"$(inherited)",
				);
				GCC_WARN_64_TO_32_BIT_CONVERSION = YES;
				GCC_WARN_ABOUT_RETURN_TYPE = YES_ERROR;
				GCC_WARN_UNDECLARED_SELECTOR = YES;
				GCC_WARN_UNINITIALIZED_AUTOS = YES_AGGRESSIVE;
				GCC_WARN_UNUSED_FUNCTION = YES;
				GCC_WARN_UNUSED_VARIABLE = YES;
				IPHONEOS_DEPLOYMENT_TARGET = 12.1;
				MTL_ENABLE_DEBUG_INFO = INCLUDE_SOURCE;
				MTL_FAST_MATH = YES;
				ONLY_ACTIVE_ARCH = YES;
				SDKROOT = iphoneos;
			};
			name = Debug;
		};
		8E1ECE102314C59100C8603D /* Release */ = {
			isa = XCBuildConfiguration;
			buildSettings = {
				ALWAYS_SEARCH_USER_PATHS = NO;
				CLANG_ANALYZER_NONNULL = YES;
				CLANG_ANALYZER_NUMBER_OBJECT_CONVERSION = YES_AGGRESSIVE;
				CLANG_CXX_LANGUAGE_STANDARD = "gnu++14";
				CLANG_CXX_LIBRARY = "libc++";
				CLANG_ENABLE_MODULES = YES;
				CLANG_ENABLE_OBJC_ARC = YES;
				CLANG_ENABLE_OBJC_WEAK = YES;
				CLANG_WARN_BLOCK_CAPTURE_AUTORELEASING = YES;
				CLANG_WARN_BOOL_CONVERSION = YES;
				CLANG_WARN_COMMA = YES;
				CLANG_WARN_CONSTANT_CONVERSION = YES;
				CLANG_WARN_DEPRECATED_OBJC_IMPLEMENTATIONS = YES;
				CLANG_WARN_DIRECT_OBJC_ISA_USAGE = YES_ERROR;
				CLANG_WARN_DOCUMENTATION_COMMENTS = YES;
				CLANG_WARN_EMPTY_BODY = YES;
				CLANG_WARN_ENUM_CONVERSION = YES;
				CLANG_WARN_INFINITE_RECURSION = YES;
				CLANG_WARN_INT_CONVERSION = YES;
				CLANG_WARN_NON_LITERAL_NULL_CONVERSION = YES;
				CLANG_WARN_OBJC_IMPLICIT_RETAIN_SELF = YES;
				CLANG_WARN_OBJC_LITERAL_CONVERSION = YES;
				CLANG_WARN_OBJC_ROOT_CLASS = YES_ERROR;
				CLANG_WARN_RANGE_LOOP_ANALYSIS = YES;
				CLANG_WARN_STRICT_PROTOTYPES = YES;
				CLANG_WARN_SUSPICIOUS_MOVE = YES;
				CLANG_WARN_UNGUARDED_AVAILABILITY = YES_AGGRESSIVE;
				CLANG_WARN_UNREACHABLE_CODE = YES;
				CLANG_WARN__DUPLICATE_METHOD_MATCH = YES;
				CODE_SIGN_IDENTITY = "iPhone Developer";
				COPY_PHASE_STRIP = NO;
				DEBUG_INFORMATION_FORMAT = "dwarf-with-dsym";
				ENABLE_NS_ASSERTIONS = NO;
				ENABLE_STRICT_OBJC_MSGSEND = YES;
				GCC_C_LANGUAGE_STANDARD = gnu11;
				GCC_NO_COMMON_BLOCKS = YES;
				GCC_WARN_64_TO_32_BIT_CONVERSION = YES;
				GCC_WARN_ABOUT_RETURN_TYPE = YES_ERROR;
				GCC_WARN_UNDECLARED_SELECTOR = YES;
				GCC_WARN_UNINITIALIZED_AUTOS = YES_AGGRESSIVE;
				GCC_WARN_UNUSED_FUNCTION = YES;
				GCC_WARN_UNUSED_VARIABLE = YES;
				IPHONEOS_DEPLOYMENT_TARGET = 12.1;
				MTL_ENABLE_DEBUG_INFO = NO;
				MTL_FAST_MATH = YES;
				SDKROOT = iphoneos;
				VALIDATE_PRODUCT = YES;
			};
			name = Release;
		};
		8E1ECE122314C59100C8603D /* Debug */ = {
			isa = XCBuildConfiguration;
			buildSettings = {
				ASSETCATALOG_COMPILER_APPICON_NAME = AppIcon;
				CODE_SIGN_STYLE = Automatic;
				INFOPLIST_FILE = ReactNativeTest/Info.plist;
				LD_RUNPATH_SEARCH_PATHS = (
					"$(inherited)",
					"@executable_path/Frameworks",
				);
				PRODUCT_BUNDLE_IDENTIFIER = "-23123.ReactNativeTest";
				PRODUCT_NAME = "$(TARGET_NAME)";
				TARGETED_DEVICE_FAMILY = "1,2";
			};
			name = Debug;
		};
		8E1ECE132314C59100C8603D /* Release */ = {
			isa = XCBuildConfiguration;
			buildSettings = {
				ASSETCATALOG_COMPILER_APPICON_NAME = AppIcon;
				CODE_SIGN_STYLE = Automatic;
				INFOPLIST_FILE = ReactNativeTest/Info.plist;
				LD_RUNPATH_SEARCH_PATHS = (
					"$(inherited)",
					"@executable_path/Frameworks",
				);
				PRODUCT_BUNDLE_IDENTIFIER = "-23123.ReactNativeTest";
				PRODUCT_NAME = "$(TARGET_NAME)";
				TARGETED_DEVICE_FAMILY = "1,2";
			};
			name = Release;
		};
/* End XCBuildConfiguration section */

/* Begin XCConfigurationList section */
		8E1ECDF62314C59000C8603D /* Build configuration list for PBXProject "ReactNativeTest" */ = {
			isa = XCConfigurationList;
			buildConfigurations = (
				8E1ECE0F2314C59100C8603D /* Debug */,
				8E1ECE102314C59100C8603D /* Release */,
			);
			defaultConfigurationIsVisible = 0;
			defaultConfigurationName = Release;
		};
		8E1ECE112314C59100C8603D /* Build configuration list for PBXNativeTarget "ReactNativeTest" */ = {
			isa = XCConfigurationList;
			buildConfigurations = (
				8E1ECE122314C59100C8603D /* Debug */,
				8E1ECE132314C59100C8603D /* Release */,
			);
			defaultConfigurationIsVisible = 0;
			defaultConfigurationName = Release;
		};
/* End XCConfigurationList section */
	};
	rootObject = 8E1ECDF32314C59000C8603D /* Project object */;
}
